
Microsoft Visual Studio Solution File, Format Version 12.00
# Visual Studio 14
VisualStudioVersion = 14.0.25123.0
MinimumVisualStudioVersion = 10.0.40219.1
Project("{FAE04EC0-301F-11D3-BF4B-00C04F79EFBC}") = "CastleIOS", "CastleIOS\CastleIOS.csproj", "{2A685D73-AFC0-4043-B5F0-02C60D3C5E47}"
EndProject
Project("{FAE04EC0-301F-11D3-BF4B-00C04F79EFBC}") = "Castle.Clients.Data", "Castle.Clients.Data\Castle.Clients.Data.csproj", "{9DDAEB0E-F9F4-4B55-B90A-E06F589BA019}"
EndProject
Global
	GlobalSection(SolutionConfigurationPlatforms) = preSolution
		Ad-Hoc|Any CPU = Ad-Hoc|Any CPU
		Ad-Hoc|iPhone = Ad-Hoc|iPhone
		Ad-Hoc|iPhoneSimulator = Ad-Hoc|iPhoneSimulator
		AppStore|Any CPU = AppStore|Any CPU
		AppStore|iPhone = AppStore|iPhone
		AppStore|iPhoneSimulator = AppStore|iPhoneSimulator
		Debug|Any CPU = Debug|Any CPU
		Debug|iPhone = Debug|iPhone
		Debug|iPhoneSimulator = Debug|iPhoneSimulator
		Release|Any CPU = Release|Any CPU
		Release|iPhone = Release|iPhone
		Release|iPhoneSimulator = Release|iPhoneSimulator
	EndGlobalSection
	GlobalSection(ProjectConfigurationPlatforms) = postSolution
		{2A685D73-AFC0-4043-B5F0-02C60D3C5E47}.Ad-Hoc|Any CPU.ActiveCfg = Ad-Hoc|iPhone
		{2A685D73-AFC0-4043-B5F0-02C60D3C5E47}.Ad-Hoc|iPhone.ActiveCfg = Ad-Hoc|iPhone
		{2A685D73-AFC0-4043-B5F0-02C60D3C5E47}.Ad-Hoc|iPhone.Build.0 = Ad-Hoc|iPhone
		{2A685D73-AFC0-4043-B5F0-02C60D3C5E47}.Ad-Hoc|iPhoneSimulator.ActiveCfg = Ad-Hoc|iPhoneSimulator
		{2A685D73-AFC0-4043-B5F0-02C60D3C5E47}.Ad-Hoc|iPhoneSimulator.Build.0 = Ad-Hoc|iPhoneSimulator
		{2A685D73-AFC0-4043-B5F0-02C60D3C5E47}.AppStore|Any CPU.ActiveCfg = AppStore|iPhone
		{2A685D73-AFC0-4043-B5F0-02C60D3C5E47}.AppStore|iPhone.ActiveCfg = AppStore|iPhone
		{2A685D73-AFC0-4043-B5F0-02C60D3C5E47}.AppStore|iPhone.Build.0 = AppStore|iPhone
		{2A685D73-AFC0-4043-B5F0-02C60D3C5E47}.AppStore|iPhoneSimulator.ActiveCfg = AppStore|iPhoneSimulator
		{2A685D73-AFC0-4043-B5F0-02C60D3C5E47}.AppStore|iPhoneSimulator.Build.0 = AppStore|iPhoneSimulator
		{2A685D73-AFC0-4043-B5F0-02C60D3C5E47}.Debug|Any CPU.ActiveCfg = Debug|iPhone
		{2A685D73-AFC0-4043-B5F0-02C60D3C5E47}.Debug|iPhone.ActiveCfg = Debug|iPhone
		{2A685D73-AFC0-4043-B5F0-02C60D3C5E47}.Debug|iPhone.Build.0 = Debug|iPhone
		{2A685D73-AFC0-4043-B5F0-02C60D3C5E47}.Debug|iPhoneSimulator.ActiveCfg = Debug|iPhoneSimulator
		{2A685D73-AFC0-4043-B5F0-02C60D3C5E47}.Debug|iPhoneSimulator.Build.0 = Debug|iPhoneSimulator
		{2A685D73-AFC0-4043-B5F0-02C60D3C5E47}.Release|Any CPU.ActiveCfg = Release|iPhone
		{2A685D73-AFC0-4043-B5F0-02C60D3C5E47}.Release|iPhone.ActiveCfg = Release|iPhone
		{2A685D73-AFC0-4043-B5F0-02C60D3C5E47}.Release|iPhone.Build.0 = Release|iPhone
		{2A685D73-AFC0-4043-B5F0-02C60D3C5E47}.Release|iPhoneSimulator.ActiveCfg = Release|iPhoneSimulator
		{2A685D73-AFC0-4043-B5F0-02C60D3C5E47}.Release|iPhoneSimulator.Build.0 = Release|iPhoneSimulator
		{9DDAEB0E-F9F4-4B55-B90A-E06F589BA019}.Ad-Hoc|Any CPU.ActiveCfg = Release|Any CPU
		{9DDAEB0E-F9F4-4B55-B90A-E06F589BA019}.Ad-Hoc|Any CPU.Build.0 = Release|Any CPU
		{9DDAEB0E-F9F4-4B55-B90A-E06F589BA019}.Ad-Hoc|iPhone.ActiveCfg = Release|Any CPU
		{9DDAEB0E-F9F4-4B55-B90A-E06F589BA019}.Ad-Hoc|iPhone.Build.0 = Release|Any CPU
		{9DDAEB0E-F9F4-4B55-B90A-E06F589BA019}.Ad-Hoc|iPhoneSimulator.ActiveCfg = Release|Any CPU
		{9DDAEB0E-F9F4-4B55-B90A-E06F589BA019}.Ad-Hoc|iPhoneSimulator.Build.0 = Release|Any CPU
		{9DDAEB0E-F9F4-4B55-B90A-E06F589BA019}.AppStore|Any CPU.ActiveCfg = Release|Any CPU
		{9DDAEB0E-F9F4-4B55-B90A-E06F589BA019}.AppStore|Any CPU.Build.0 = Release|Any CPU
		{9DDAEB0E-F9F4-4B55-B90A-E06F589BA019}.AppStore|iPhone.ActiveCfg = Release|Any CPU
		{9DDAEB0E-F9F4-4B55-B90A-E06F589BA019}.AppStore|iPhone.Build.0 = Release|Any CPU
		{9DDAEB0E-F9F4-4B55-B90A-E06F589BA019}.AppStore|iPhoneSimulator.ActiveCfg = Release|Any CPU
		{9DDAEB0E-F9F4-4B55-B90A-E06F589BA019}.AppStore|iPhoneSimulator.Build.0 = Release|Any CPU
		{9DDAEB0E-F9F4-4B55-B90A-E06F589BA019}.Debug|Any CPU.ActiveCfg = Debug|Any CPU
		{9DDAEB0E-F9F4-4B55-B90A-E06F589BA019}.Debug|Any CPU.Build.0 = Debug|Any CPU
		{9DDAEB0E-F9F4-4B55-B90A-E06F589BA019}.Debug|iPhone.ActiveCfg = Debug|Any CPU
		{9DDAEB0E-F9F4-4B55-B90A-E06F589BA019}.Debug|iPhone.Build.0 = Debug|Any CPU
		{9DDAEB0E-F9F4-4B55-B90A-E06F589BA019}.Debug|iPhoneSimulator.ActiveCfg = Debug|Any CPU
		{9DDAEB0E-F9F4-4B55-B90A-E06F589BA019}.Debug|iPhoneSimulator.Build.0 = Debug|Any CPU
		{9DDAEB0E-F9F4-4B55-B90A-E06F589BA019}.Release|Any CPU.ActiveCfg = Release|Any CPU
		{9DDAEB0E-F9F4-4B55-B90A-E06F589BA019}.Release|Any CPU.Build.0 = Release|Any CPU
		{9DDAEB0E-F9F4-4B55-B90A-E06F589BA019}.Release|iPhone.ActiveCfg = Release|Any CPU
		{9DDAEB0E-F9F4-4B55-B90A-E06F589BA019}.Release|iPhone.Build.0 = Release|Any CPU
		{9DDAEB0E-F9F4-4B55-B90A-E06F589BA019}.Release|iPhoneSimulator.ActiveCfg = Release|Any CPU
		{9DDAEB0E-F9F4-4B55-B90A-E06F589BA019}.Release|iPhoneSimulator.Build.0 = Release|Any CPU
	EndGlobalSection
	GlobalSection(SolutionProperties) = preSolution
		HideSolutionNode = FALSE
	EndGlobalSection
EndGlobal
